// !$*UTF8*$!
{
	archiveVersion = 1;
	classes = {
	};
	objectVersion = 46;
	objects = {

/* Begin PBXBuildFile section */
		69B0FC471E00F52500D63AC5 /* getDateViewController.swift in Sources */ = {isa = PBXBuildFile; fileRef = 69B0FC461E00F52500D63AC5 /* getDateViewController.swift */; };
		69B0FC491E00F6AE00D63AC5 /* returnSignViewController.swift in Sources */ = {isa = PBXBuildFile; fileRef = 69B0FC481E00F6AE00D63AC5 /* returnSignViewController.swift */; };
		69BCFE0A1DFC855E00AD7D32 /* horoViewController.swift in Sources */ = {isa = PBXBuildFile; fileRef = 69BCFE091DFC855E00AD7D32 /* horoViewController.swift */; };
		69C82ACD1DF8B019008D2F30 /* AppDelegate.swift in Sources */ = {isa = PBXBuildFile; fileRef = 69C82ACC1DF8B019008D2F30 /* AppDelegate.swift */; };
		69C82ACF1DF8B019008D2F30 /* ViewController.swift in Sources */ = {isa = PBXBuildFile; fileRef = 69C82ACE1DF8B019008D2F30 /* ViewController.swift */; };
		69C82AD21DF8B019008D2F30 /* Main.storyboard in Resources */ = {isa = PBXBuildFile; fileRef = 69C82AD01DF8B019008D2F30 /* Main.storyboard */; };
		69C82AD41DF8B019008D2F30 /* Assets.xcassets in Resources */ = {isa = PBXBuildFile; fileRef = 69C82AD31DF8B019008D2F30 /* Assets.xcassets */; };
		69C82AD71DF8B019008D2F30 /* LaunchScreen.storyboard in Resources */ = {isa = PBXBuildFile; fileRef = 69C82AD51DF8B019008D2F30 /* LaunchScreen.storyboard */; };
		69F4AA271E01F3930060BE50 /* StringUtils.swift in Sources */ = {isa = PBXBuildFile; fileRef = 69F4AA261E01F3930060BE50 /* StringUtils.swift */; };
/* End PBXBuildFile section */

/* Begin PBXFileReference section */
		69B0FC461E00F52500D63AC5 /* getDateViewController.swift */ = {isa = PBXFileReference; fileEncoding = 4; lastKnownFileType = sourcecode.swift; path = getDateViewController.swift; sourceTree = "<group>"; };
		69B0FC481E00F6AE00D63AC5 /* returnSignViewController.swift */ = {isa = PBXFileReference; fileEncoding = 4; lastKnownFileType = sourcecode.swift; path = returnSignViewController.swift; sourceTree = "<group>"; };
		69BCFE091DFC855E00AD7D32 /* horoViewController.swift */ = {isa = PBXFileReference; fileEncoding = 4; lastKnownFileType = sourcecode.swift; path = horoViewController.swift; sourceTree = "<group>"; };
		69C82AC91DF8B019008D2F30 /* HoroFix.app */ = {isa = PBXFileReference; explicitFileType = wrapper.application; includeInIndex = 0; path = HoroFix.app; sourceTree = BUILT_PRODUCTS_DIR; };
		69C82ACC1DF8B019008D2F30 /* AppDelegate.swift */ = {isa = PBXFileReference; lastKnownFileType = sourcecode.swift; path = AppDelegate.swift; sourceTree = "<group>"; };
		69C82ACE1DF8B019008D2F30 /* ViewController.swift */ = {isa = PBXFileReference; lastKnownFileType = sourcecode.swift; path = ViewController.swift; sourceTree = "<group>"; };
		69C82AD11DF8B019008D2F30 /* Base */ = {isa = PBXFileReference; lastKnownFileType = file.storyboard; name = Base; path = Base.lproj/Main.storyboard; sourceTree = "<group>"; };
		69C82AD31DF8B019008D2F30 /* Assets.xcassets */ = {isa = PBXFileReference; lastKnownFileType = folder.assetcatalog; path = Assets.xcassets; sourceTree = "<group>"; };
		69C82AD61DF8B019008D2F30 /* Base */ = {isa = PBXFileReference; lastKnownFileType = file.storyboard; name = Base; path = Base.lproj/LaunchScreen.storyboard; sourceTree = "<group>"; };
		69C82AD81DF8B019008D2F30 /* Info.plist */ = {isa = PBXFileReference; lastKnownFileType = text.plist.xml; path = Info.plist; sourceTree = "<group>"; };
		69F4AA261E01F3930060BE50 /* StringUtils.swift */ = {isa = PBXFileReference; fileEncoding = 4; lastKnownFileType = sourcecode.swift; path = StringUtils.swift; sourceTree = "<group>"; };
/* End PBXFileReference section */

/* Begin PBXFrameworksBuildPhase section */
		69C82AC61DF8B019008D2F30 /* Frameworks */ = {
			isa = PBXFrameworksBuildPhase;
			buildActionMask = 2147483647;
			files = (
			);
			runOnlyForDeploymentPostprocessing = 0;
		};
/* End PBXFrameworksBuildPhase section */

/* Begin PBXGroup section */
		69C82AC01DF8B019008D2F30 = {
			isa = PBXGroup;
			children = (
				69C82ACB1DF8B019008D2F30 /* HoroFix */,
				69C82ACA1DF8B019008D2F30 /* Products */,
			);
			sourceTree = "<group>";
		};
		69C82ACA1DF8B019008D2F30 /* Products */ = {
			isa = PBXGroup;
			children = (
				69C82AC91DF8B019008D2F30 /* HoroFix.app */,
			);
			name = Products;
			sourceTree = "<group>";
		};
		69C82ACB1DF8B019008D2F30 /* HoroFix */ = {
			isa = PBXGroup;
			children = (
				69C82ACC1DF8B019008D2F30 /* AppDelegate.swift */,
				69C82ACE1DF8B019008D2F30 /* ViewController.swift */,
				69C82AD01DF8B019008D2F30 /* Main.storyboard */,
				69F4AA261E01F3930060BE50 /* StringUtils.swift */,
				69C82AD31DF8B019008D2F30 /* Assets.xcassets */,
				69C82AD51DF8B019008D2F30 /* LaunchScreen.storyboard */,
				69C82AD81DF8B019008D2F30 /* Info.plist */,
				69BCFE091DFC855E00AD7D32 /* horoViewController.swift */,
				69B0FC461E00F52500D63AC5 /* getDateViewController.swift */,
				69B0FC481E00F6AE00D63AC5 /* returnSignViewController.swift */,
			);
			path = HoroFix;
			sourceTree = "<group>";
		};
/* End PBXGroup section */

/* Begin PBXNativeTarget section */
		69C82AC81DF8B019008D2F30 /* HoroFix */ = {
			isa = PBXNativeTarget;
			buildConfigurationList = 69C82ADB1DF8B019008D2F30 /* Build configuration list for PBXNativeTarget "HoroFix" */;
			buildPhases = (
				69C82AC51DF8B019008D2F30 /* Sources */,
				69C82AC61DF8B019008D2F30 /* Frameworks */,
				69C82AC71DF8B019008D2F30 /* Resources */,
			);
			buildRules = (
			);
			dependencies = (
			);
			name = HoroFix;
			productName = HoroFix;
			productReference = 69C82AC91DF8B019008D2F30 /* HoroFix.app */;
			productType = "com.apple.product-type.application";
		};
/* End PBXNativeTarget section */

/* Begin PBXProject section */
		69C82AC11DF8B019008D2F30 /* Project object */ = {
			isa = PBXProject;
			attributes = {
				LastSwiftUpdateCheck = 0710;
				LastUpgradeCheck = 0710;
				ORGANIZATIONNAME = "Gino T";
				TargetAttributes = {
					69C82AC81DF8B019008D2F30 = {
						CreatedOnToolsVersion = 7.1;
						DevelopmentTeam = PMUCMAM3LG;
					};
				};
			};
			buildConfigurationList = 69C82AC41DF8B019008D2F30 /* Build configuration list for PBXProject "HoroFix" */;
			compatibilityVersion = "Xcode 3.2";
			developmentRegion = English;
			hasScannedForEncodings = 0;
			knownRegions = (
				en,
				Base,
			);
			mainGroup = 69C82AC01DF8B019008D2F30;
			productRefGroup = 69C82ACA1DF8B019008D2F30 /* Products */;
			projectDirPath = "";
			projectRoot = "";
			targets = (
				69C82AC81DF8B019008D2F30 /* HoroFix */,
			);
		};
/* End PBXProject section */

/* Begin PBXResourcesBuildPhase section */
		69C82AC71DF8B019008D2F30 /* Resources */ = {
			isa = PBXResourcesBuildPhase;
			buildActionMask = 2147483647;
			files = (
				69C82AD71DF8B019008D2F30 /* LaunchScreen.storyboard in Resources */,
				69C82AD41DF8B019008D2F30 /* Assets.xcassets in Resources */,
				69C82AD21DF8B019008D2F30 /* Main.storyboard in Resources */,
			);
			runOnlyForDeploymentPostprocessing = 0;
		};
/* End PBXResourcesBuildPhase section */

/* Begin PBXSourcesBuildPhase section */
		69C82AC51DF8B019008D2F30 /* Sources */ = {
			isa = PBXSourcesBuildPhase;
			buildActionMask = 2147483647;
			files = (
				69F4AA271E01F3930060BE50 /* StringUtils.swift in Sources */,
				69C82ACF1DF8B019008D2F30 /* ViewController.swift in Sources */,
				69BCFE0A1DFC855E00AD7D32 /* horoViewController.swift in Sources */,
				69C82ACD1DF8B019008D2F30 /* AppDelegate.swift in Sources */,
				69B0FC471E00F52500D63AC5 /* getDateViewController.swift in Sources */,
				69B0FC491E00F6AE00D63AC5 /* returnSignViewController.swift in Sources */,
			);
			runOnlyForDeploymentPostprocessing = 0;
		};
/* End PBXSourcesBuildPhase section */

/* Begin PBXVariantGroup section */
		69C82AD01DF8B019008D2F30 /* Main.storyboard */ = {
			isa = PBXVariantGroup;
			children = (
				69C82AD11DF8B019008D2F30 /* Base */,
			);
			name = Main.storyboard;
			sourceTree = "<group>";
		};
		69C82AD51DF8B019008D2F30 /* LaunchScreen.storyboard */ = {
			isa = PBXVariantGroup;
			children = (
				69C82AD61DF8B019008D2F30 /* Base */,
			);
			name = LaunchScreen.storyboard;
			sourceTree = "<group>";
		};
/* End PBXVariantGroup section */

/* Begin XCBuildConfiguration section */
		69C82AD91DF8B019008D2F30 /* Debug */ = {
			isa = XCBuildConfiguration;
			buildSettings = {
				ALWAYS_SEARCH_USER_PATHS = NO;
				CLANG_CXX_LANGUAGE_STANDARD = "gnu++0x";
				CLANG_CXX_LIBRARY = "libc++";
				CLANG_ENABLE_MODULES = YES;
				CLANG_ENABLE_OBJC_ARC = YES;
				CLANG_WARN_BOOL_CONVERSION = YES;
				CLANG_WARN_CONSTANT_CONVERSION = YES;
				CLANG_WARN_DIRECT_OBJC_ISA_USAGE = YES_ERROR;
				CLANG_WARN_EMPTY_BODY = YES;
				CLANG_WARN_ENUM_CONVERSION = YES;
				CLANG_WARN_INT_CONVERSION = YES;
				CLANG_WARN_OBJC_ROOT_CLASS = YES_ERROR;
				CLANG_WARN_UNREACHABLE_CODE = YES;
				CLANG_WARN__DUPLICATE_METHOD_MATCH = YES;
				"CODE_SIGN_IDENTITY[sdk=iphoneos*]" = "iPhone Developer";
				COPY_PHASE_STRIP = NO;
				DEBUG_INFORMATION_FORMAT = dwarf;
				ENABLE_STRICT_OBJC_MSGSEND = YES;
				ENABLE_TESTABILITY = YES;
				GCC_C_LANGUAGE_STANDARD = gnu99;
				GCC_DYNAMIC_NO_PIC = NO;
				GCC_NO_COMMON_BLOCKS = YES;
				GCC_OPTIMIZATION_LEVEL = 0;
				GCC_PREPROCESSOR_DEFINITIONS = (
					"DEBUG=1",
					"$(inherited)",
				);
				GCC_WARN_64_TO_32_BIT_CONVERSION = YES;
				GCC_WARN_ABOUT_RETURN_TYPE = YES_ERROR;
				GCC_WARN_UNDECLARED_SELECTOR = YES;
				GCC_WARN_UNINITIALIZED_AUTOS = YES_AGGRESSIVE;
				GCC_WARN_UNUSED_FUNCTION = YES;
				GCC_WARN_UNUSED_VARIABLE = YES;
				IPHONEOS_DEPLOYMENT_TARGET = 9.1;
				MTL_ENABLE_DEBUG_INFO = YES;
				ONLY_ACTIVE_ARCH = YES;
				SDKROOT = iphoneos;
				SWIFT_OPTIMIZATION_LEVEL = "-Onone";
			};
			name = Debug;
		};
		69C82ADA1DF8B019008D2F30 /* Release */ = {
			isa = XCBuildConfiguration;
			buildSettings = {
				ALWAYS_SEARCH_USER_PATHS = NO;
				CLANG_CXX_LANGUAGE_STANDARD = "gnu++0x";
				CLANG_CXX_LIBRARY = "libc++";
				CLANG_ENABLE_MODULES = YES;
				CLANG_ENABLE_OBJC_ARC = YES;
				CLANG_WARN_BOOL_CONVERSION = YES;
				CLANG_WARN_CONSTANT_CONVERSION = YES;
				CLANG_WARN_DIRECT_OBJC_ISA_USAGE = YES_ERROR;
				CLANG_WARN_EMPTY_BODY = YES;
				CLANG_WARN_ENUM_CONVERSION = YES;
				CLANG_WARN_INT_CONVERSION = YES;
				CLANG_WARN_OBJC_ROOT_CLASS = YES_ERROR;
				CLANG_WARN_UNREACHABLE_CODE = YES;
				CLANG_WARN__DUPLICATE_METHOD_MATCH = YES;
				"CODE_SIGN_IDENTITY[sdk=iphoneos*]" = "iPhone Developer";
				COPY_PHASE_STRIP = NO;
				DEBUG_INFORMATION_FORMAT = "dwarf-with-dsym";
				ENABLE_NS_ASSERTIONS = NO;
				ENABLE_STRICT_OBJC_MSGSEND = YES;
				GCC_C_LANGUAGE_STANDARD = gnu99;
				GCC_NO_COMMON_BLOCKS = YES;
				GCC_WARN_64_TO_32_BIT_CONVERSION = YES;
				GCC_WARN_ABOUT_RETURN_TYPE = YES_ERROR;
				GCC_WARN_UNDECLARED_SELECTOR = YES;
				GCC_WARN_UNINITIALIZED_AUTOS = YES_AGGRESSIVE;
				GCC_WARN_UNUSED_FUNCTION = YES;
				GCC_WARN_UNUSED_VARIABLE = YES;
				IPHONEOS_DEPLOYMENT_TARGET = 9.1;
				MTL_ENABLE_DEBUG_INFO = NO;
				SDKROOT = iphoneos;
				VALIDATE_PRODUCT = YES;
			};
			name = Release;
		};
		69C82ADC1DF8B019008D2F30 /* Debug */ = {
			isa = XCBuildConfiguration;
			buildSettings = {
				ASSETCATALOG_COMPILER_APPICON_NAME = AppIcon;
				CODE_SIGN_IDENTITY = "iPhone Developer";
				"CODE_SIGN_IDENTITY[sdk=iphoneos*]" = "iPhone Developer";
				INFOPLIST_FILE = HoroFix/Info.plist;
				LD_RUNPATH_SEARCH_PATHS = "$(inherited) @executable_path/Frameworks";
				PRODUCT_BUNDLE_IDENTIFIER = gindogg878.HoroFix;
				PRODUCT_NAME = "$(TARGET_NAME)";
				PROVISIONING_PROFILE = "";
				TARGETED_DEVICE_FAMILY = 1;
			};
			name = Debug;
		};
		69C82ADD1DF8B019008D2F30 /* Release */ = {
			isa = XCBuildConfiguration;
			buildSettings = {
				ASSETCATALOG_COMPILER_APPICON_NAME = AppIcon;
				CODE_SIGN_IDENTITY = "iPhone Developer";
				"CODE_SIGN_IDENTITY[sdk=iphoneos*]" = "iPhone Developer";
				INFOPLIST_FILE = HoroFix/Info.plist;
				LD_RUNPATH_SEARCH_PATHS = "$(inherited) @executable_path/Frameworks";
				PRODUCT_BUNDLE_IDENTIFIER = gindogg878.HoroFix;
				PRODUCT_NAME = "$(TARGET_NAME)";
				PROVISIONING_PROFILE = "";
				TARGETED_DEVICE_FAMILY = 1;
			};
			name = Release;
		};
/* End XCBuildConfiguration section */

/* Begin XCConfigurationList section */
		69C82AC41DF8B019008D2F30 /* Build configuration list for PBXProject "HoroFix" */ = {
			isa = XCConfigurationList;
			buildConfigurations = (
				69C82AD91DF8B019008D2F30 /* Debug */,
				69C82ADA1DF8B019008D2F30 /* Release */,
			);
			defaultConfigurationIsVisible = 0;
			defaultConfigurationName = Release;
		};
		69C82ADB1DF8B019008D2F30 /* Build configuration list for PBXNativeTarget "HoroFix" */ = {
			isa = XCConfigurationList;
			buildConfigurations = (
				69C82ADC1DF8B019008D2F30 /* Debug */,
				69C82ADD1DF8B019008D2F30 /* Release */,
			);
			defaultConfigurationIsVisible = 0;
			defaultConfigurationName = Release;
		};
/* End XCConfigurationList section */
	};
	rootObject = 69C82AC11DF8B019008D2F30 /* Project object */;
}
